
Microsoft Visual Studio Solution File, Format Version 12.00
# Visual Studio Version 16
Project("{2150E333-8FDC-42A3-9474-1A3956D46DE8}") = "Services", "Services", "{0F2E3141-2A8B-4586-A09A-AE97EDEDE000}"
EndProject
Project("{2150E333-8FDC-42A3-9474-1A3956D46DE8}") = "Catalog", "Catalog", "{E0F35D85-0D16-4F17-A39A-FDBA7E1DB554}"
EndProject
Project("{FAE04EC0-301F-11D3-BF4B-00C04F79EFBC}") = "FreeCourse.Services.Catalog", "Services\Catalog\FreeCourse.Services.Catalog\FreeCourse.Services.Catalog.csproj", "{DEFB9F8A-53B4-4FEB-9486-EFFE9ACBAADD}"
EndProject
Project("{2150E333-8FDC-42A3-9474-1A3956D46DE8}") = "SolutionItems", "SolutionItems", "{A8A68885-DAD1-41CE-B417-07472C89DAFF}"
	ProjectSection(SolutionItems) = preProject
		Ports.txt = Ports.txt
	EndProjectSection
EndProject
Project("{2150E333-8FDC-42A3-9474-1A3956D46DE8}") = "Shared", "Shared", "{CEB0195C-0718-427F-888E-7F0991E6837A}"
EndProject
Project("{FAE04EC0-301F-11D3-BF4B-00C04F79EFBC}") = "FreeCourse.Shared", "Shared\FreeCourse.Shared\FreeCourse.Shared.csproj", "{346DC9A5-89A7-49E5-B25F-ECEB48868AE5}"
EndProject
Project("{FAE04EC0-301F-11D3-BF4B-00C04F79EFBC}") = "FreeCourse.IdentityServer", "IdentityServer\FreeCourse.IdentityServer\FreeCourse.IdentityServer.csproj", "{93BF933E-5D05-46D0-9506-8D0DE02E2EFB}"
EndProject
Project("{2150E333-8FDC-42A3-9474-1A3956D46DE8}") = "IdentityServer", "IdentityServer", "{05E3D138-0B69-41C8-BE7D-9610962C5E4C}"
EndProject
Project("{2150E333-8FDC-42A3-9474-1A3956D46DE8}") = "PhotoStock", "PhotoStock", "{512EBB8F-C4E8-49AD-B56E-22702C301C00}"
EndProject
Project("{FAE04EC0-301F-11D3-BF4B-00C04F79EFBC}") = "FreeCourse.Services.PhotoStock", "Services\PhotoStock\FreeCourse.Services.PhotoStock\FreeCourse.Services.PhotoStock.csproj", "{901A7840-161B-41B9-8B0D-8B7EC55E40AA}"
EndProject
Project("{2150E333-8FDC-42A3-9474-1A3956D46DE8}") = "Basket", "Basket", "{33B91A5D-4EC8-4B6B-AC9F-2B45A5DE01D1}"
EndProject
Project("{FAE04EC0-301F-11D3-BF4B-00C04F79EFBC}") = "FreeCourse.Services.Basket", "Services\Basket\FreeCourse.Services.Basket\FreeCourse.Services.Basket.csproj", "{9541CCA4-AAF6-4C95-81B3-48A778310FF6}"
EndProject
Project("{2150E333-8FDC-42A3-9474-1A3956D46DE8}") = "Discount", "Discount", "{32A77FD7-BB22-442C-B91E-E152B66505F7}"
EndProject
Project("{FAE04EC0-301F-11D3-BF4B-00C04F79EFBC}") = "FreeCourse.Services.Discount", "Services\Discount\FreeCourse.Services.Discount\FreeCourse.Services.Discount.csproj", "{965034BA-CEA7-4A5C-867E-24BD424B3E0E}"
EndProject
Project("{2150E333-8FDC-42A3-9474-1A3956D46DE8}") = "Order", "Order", "{C9BB77E2-7A00-424D-B27E-2F1CDFDD78C0}"
EndProject
Project("{FAE04EC0-301F-11D3-BF4B-00C04F79EFBC}") = "FreeCourse.Services.Order.API", "Services\Order\FreeCourse.Services.Order.API\FreeCourse.Services.Order.API.csproj", "{051AD5C8-CC1E-4881-AE82-1204DA23D8E8}"
EndProject
Project("{FAE04EC0-301F-11D3-BF4B-00C04F79EFBC}") = "FreeCourse.Services.Order.Application", "Services\Order\FreeCourse.Services.Order.Application\FreeCourse.Services.Order.Application.csproj", "{691279F9-B133-428C-8E1B-01C1A7C292A0}"
EndProject
Project("{FAE04EC0-301F-11D3-BF4B-00C04F79EFBC}") = "FreeCourse.Services.Order.Domain", "Services\Order\FreeCourse.Services.Order.Domain\FreeCourse.Services.Order.Domain.csproj", "{DF019326-43B4-4ACB-AD0E-4777F81FEAB5}"
EndProject
Project("{FAE04EC0-301F-11D3-BF4B-00C04F79EFBC}") = "FreeCourse.Services.Order.Core", "Services\Order\FreeCourse.Services.Order.Core\FreeCourse.Services.Order.Core.csproj", "{E200E549-539A-4067-B4E9-5183790AEAA1}"
EndProject
Project("{FAE04EC0-301F-11D3-BF4B-00C04F79EFBC}") = "FreeCourse.Services.Order.Infrastructure", "Services\Order\FreeCourse.Services.Order.Infrastructure\FreeCourse.Services.Order.Infrastructure.csproj", "{26428EC3-FF83-4318-9EEF-5C795A86474F}"
EndProject
Project("{2150E333-8FDC-42A3-9474-1A3956D46DE8}") = "FakePayment", "FakePayment", "{0ED49EB1-486B-40D3-AF05-8FD47ABB5787}"
EndProject
Project("{FAE04EC0-301F-11D3-BF4B-00C04F79EFBC}") = "FreeCourse.Services.FakePayment", "Services\FakePayment\FreeCourse.Services.FakePayment\FreeCourse.Services.FakePayment.csproj", "{6242416F-C2A7-4174-87C9-99C168E3C7AA}"
EndProject
Project("{2150E333-8FDC-42A3-9474-1A3956D46DE8}") = "Gateways", "Gateways", "{24BA24E2-D6C2-4260-8333-89E28359FA32}"
EndProject
Project("{FAE04EC0-301F-11D3-BF4B-00C04F79EFBC}") = "FreeCourse.Gateway", "FreeCourse.Gateway\FreeCourse.Gateway.csproj", "{8C79DC42-AFFC-4751-BCEC-7AF5342EC919}"
EndProject
Global
	GlobalSection(SolutionConfigurationPlatforms) = preSolution
		Debug|Any CPU = Debug|Any CPU
		Release|Any CPU = Release|Any CPU
	EndGlobalSection
	GlobalSection(ProjectConfigurationPlatforms) = postSolution
		{DEFB9F8A-53B4-4FEB-9486-EFFE9ACBAADD}.Debug|Any CPU.ActiveCfg = Debug|Any CPU
		{DEFB9F8A-53B4-4FEB-9486-EFFE9ACBAADD}.Debug|Any CPU.Build.0 = Debug|Any CPU
		{DEFB9F8A-53B4-4FEB-9486-EFFE9ACBAADD}.Release|Any CPU.ActiveCfg = Release|Any CPU
		{DEFB9F8A-53B4-4FEB-9486-EFFE9ACBAADD}.Release|Any CPU.Build.0 = Release|Any CPU
		{346DC9A5-89A7-49E5-B25F-ECEB48868AE5}.Debug|Any CPU.ActiveCfg = Debug|Any CPU
		{346DC9A5-89A7-49E5-B25F-ECEB48868AE5}.Debug|Any CPU.Build.0 = Debug|Any CPU
		{346DC9A5-89A7-49E5-B25F-ECEB48868AE5}.Release|Any CPU.ActiveCfg = Release|Any CPU
		{346DC9A5-89A7-49E5-B25F-ECEB48868AE5}.Release|Any CPU.Build.0 = Release|Any CPU
		{93BF933E-5D05-46D0-9506-8D0DE02E2EFB}.Debug|Any CPU.ActiveCfg = Debug|Any CPU
		{93BF933E-5D05-46D0-9506-8D0DE02E2EFB}.Debug|Any CPU.Build.0 = Debug|Any CPU
		{93BF933E-5D05-46D0-9506-8D0DE02E2EFB}.Release|Any CPU.ActiveCfg = Release|Any CPU
		{93BF933E-5D05-46D0-9506-8D0DE02E2EFB}.Release|Any CPU.Build.0 = Release|Any CPU
		{901A7840-161B-41B9-8B0D-8B7EC55E40AA}.Debug|Any CPU.ActiveCfg = Debug|Any CPU
		{901A7840-161B-41B9-8B0D-8B7EC55E40AA}.Debug|Any CPU.Build.0 = Debug|Any CPU
		{901A7840-161B-41B9-8B0D-8B7EC55E40AA}.Release|Any CPU.ActiveCfg = Release|Any CPU
		{901A7840-161B-41B9-8B0D-8B7EC55E40AA}.Release|Any CPU.Build.0 = Release|Any CPU
		{9541CCA4-AAF6-4C95-81B3-48A778310FF6}.Debug|Any CPU.ActiveCfg = Debug|Any CPU
		{9541CCA4-AAF6-4C95-81B3-48A778310FF6}.Debug|Any CPU.Build.0 = Debug|Any CPU
		{9541CCA4-AAF6-4C95-81B3-48A778310FF6}.Release|Any CPU.ActiveCfg = Release|Any CPU
		{9541CCA4-AAF6-4C95-81B3-48A778310FF6}.Release|Any CPU.Build.0 = Release|Any CPU
		{965034BA-CEA7-4A5C-867E-24BD424B3E0E}.Debug|Any CPU.ActiveCfg = Debug|Any CPU
		{965034BA-CEA7-4A5C-867E-24BD424B3E0E}.Debug|Any CPU.Build.0 = Debug|Any CPU
		{965034BA-CEA7-4A5C-867E-24BD424B3E0E}.Release|Any CPU.ActiveCfg = Release|Any CPU
		{965034BA-CEA7-4A5C-867E-24BD424B3E0E}.Release|Any CPU.Build.0 = Release|Any CPU
		{051AD5C8-CC1E-4881-AE82-1204DA23D8E8}.Debug|Any CPU.ActiveCfg = Debug|Any CPU
		{051AD5C8-CC1E-4881-AE82-1204DA23D8E8}.Debug|Any CPU.Build.0 = Debug|Any CPU
		{051AD5C8-CC1E-4881-AE82-1204DA23D8E8}.Release|Any CPU.ActiveCfg = Release|Any CPU
		{051AD5C8-CC1E-4881-AE82-1204DA23D8E8}.Release|Any CPU.Build.0 = Release|Any CPU
		{691279F9-B133-428C-8E1B-01C1A7C292A0}.Debug|Any CPU.ActiveCfg = Debug|Any CPU
		{691279F9-B133-428C-8E1B-01C1A7C292A0}.Debug|Any CPU.Build.0 = Debug|Any CPU
		{691279F9-B133-428C-8E1B-01C1A7C292A0}.Release|Any CPU.ActiveCfg = Release|Any CPU
		{691279F9-B133-428C-8E1B-01C1A7C292A0}.Release|Any CPU.Build.0 = Release|Any CPU
		{DF019326-43B4-4ACB-AD0E-4777F81FEAB5}.Debug|Any CPU.ActiveCfg = Debug|Any CPU
		{DF019326-43B4-4ACB-AD0E-4777F81FEAB5}.Debug|Any CPU.Build.0 = Debug|Any CPU
		{DF019326-43B4-4ACB-AD0E-4777F81FEAB5}.Release|Any CPU.ActiveCfg = Release|Any CPU
		{DF019326-43B4-4ACB-AD0E-4777F81FEAB5}.Release|Any CPU.Build.0 = Release|Any CPU
		{E200E549-539A-4067-B4E9-5183790AEAA1}.Debug|Any CPU.ActiveCfg = Debug|Any CPU
		{E200E549-539A-4067-B4E9-5183790AEAA1}.Debug|Any CPU.Build.0 = Debug|Any CPU
		{E200E549-539A-4067-B4E9-5183790AEAA1}.Release|Any CPU.ActiveCfg = Release|Any CPU
		{E200E549-539A-4067-B4E9-5183790AEAA1}.Release|Any CPU.Build.0 = Release|Any CPU
		{26428EC3-FF83-4318-9EEF-5C795A86474F}.Debug|Any CPU.ActiveCfg = Debug|Any CPU
		{26428EC3-FF83-4318-9EEF-5C795A86474F}.Debug|Any CPU.Build.0 = Debug|Any CPU
		{26428EC3-FF83-4318-9EEF-5C795A86474F}.Release|Any CPU.ActiveCfg = Release|Any CPU
		{26428EC3-FF83-4318-9EEF-5C795A86474F}.Release|Any CPU.Build.0 = Release|Any CPU
		{6242416F-C2A7-4174-87C9-99C168E3C7AA}.Debug|Any CPU.ActiveCfg = Debug|Any CPU
		{6242416F-C2A7-4174-87C9-99C168E3C7AA}.Debug|Any CPU.Build.0 = Debug|Any CPU
		{6242416F-C2A7-4174-87C9-99C168E3C7AA}.Release|Any CPU.ActiveCfg = Release|Any CPU
		{6242416F-C2A7-4174-87C9-99C168E3C7AA}.Release|Any CPU.Build.0 = Release|Any CPU
		{8C79DC42-AFFC-4751-BCEC-7AF5342EC919}.Debug|Any CPU.ActiveCfg = Debug|Any CPU
		{8C79DC42-AFFC-4751-BCEC-7AF5342EC919}.Debug|Any CPU.Build.0 = Debug|Any CPU
		{8C79DC42-AFFC-4751-BCEC-7AF5342EC919}.Release|Any CPU.ActiveCfg = Release|Any CPU
		{8C79DC42-AFFC-4751-BCEC-7AF5342EC919}.Release|Any CPU.Build.0 = Release|Any CPU
	EndGlobalSection
	GlobalSection(NestedProjects) = preSolution
		{E0F35D85-0D16-4F17-A39A-FDBA7E1DB554} = {0F2E3141-2A8B-4586-A09A-AE97EDEDE000}
		{DEFB9F8A-53B4-4FEB-9486-EFFE9ACBAADD} = {E0F35D85-0D16-4F17-A39A-FDBA7E1DB554}
		{346DC9A5-89A7-49E5-B25F-ECEB48868AE5} = {CEB0195C-0718-427F-888E-7F0991E6837A}
		{93BF933E-5D05-46D0-9506-8D0DE02E2EFB} = {05E3D138-0B69-41C8-BE7D-9610962C5E4C}
		{512EBB8F-C4E8-49AD-B56E-22702C301C00} = {0F2E3141-2A8B-4586-A09A-AE97EDEDE000}
		{901A7840-161B-41B9-8B0D-8B7EC55E40AA} = {512EBB8F-C4E8-49AD-B56E-22702C301C00}
		{33B91A5D-4EC8-4B6B-AC9F-2B45A5DE01D1} = {0F2E3141-2A8B-4586-A09A-AE97EDEDE000}
		{9541CCA4-AAF6-4C95-81B3-48A778310FF6} = {33B91A5D-4EC8-4B6B-AC9F-2B45A5DE01D1}
		{32A77FD7-BB22-442C-B91E-E152B66505F7} = {0F2E3141-2A8B-4586-A09A-AE97EDEDE000}
		{965034BA-CEA7-4A5C-867E-24BD424B3E0E} = {32A77FD7-BB22-442C-B91E-E152B66505F7}
		{C9BB77E2-7A00-424D-B27E-2F1CDFDD78C0} = {0F2E3141-2A8B-4586-A09A-AE97EDEDE000}
		{051AD5C8-CC1E-4881-AE82-1204DA23D8E8} = {C9BB77E2-7A00-424D-B27E-2F1CDFDD78C0}
		{691279F9-B133-428C-8E1B-01C1A7C292A0} = {C9BB77E2-7A00-424D-B27E-2F1CDFDD78C0}
		{DF019326-43B4-4ACB-AD0E-4777F81FEAB5} = {C9BB77E2-7A00-424D-B27E-2F1CDFDD78C0}
		{E200E549-539A-4067-B4E9-5183790AEAA1} = {C9BB77E2-7A00-424D-B27E-2F1CDFDD78C0}
		{26428EC3-FF83-4318-9EEF-5C795A86474F} = {C9BB77E2-7A00-424D-B27E-2F1CDFDD78C0}
		{0ED49EB1-486B-40D3-AF05-8FD47ABB5787} = {0F2E3141-2A8B-4586-A09A-AE97EDEDE000}
		{6242416F-C2A7-4174-87C9-99C168E3C7AA} = {0ED49EB1-486B-40D3-AF05-8FD47ABB5787}
		{8C79DC42-AFFC-4751-BCEC-7AF5342EC919} = {24BA24E2-D6C2-4260-8333-89E28359FA32}
	EndGlobalSection
EndGlobal
